// !$*UTF8*$!
{
	archiveVersion = 1;
	classes = {
	};
	objectVersion = 46;
	objects = {

/* Begin PBXBuildFile section */
		2103E55E1DD97E3B005E3A09 /* StyleBlock.swift in Sources */ = {isa = PBXBuildFile; fileRef = 2103E55D1DD97E3B005E3A09 /* StyleBlock.swift */; };
		211179C71DACAB740054FAA4 /* ColourParserTests.swift in Sources */ = {isa = PBXBuildFile; fileRef = 211179C61DACAB740054FAA4 /* ColourParserTests.swift */; };
		211179D71DB19B8D0054FAA4 /* CGColor+Test.swift in Sources */ = {isa = PBXBuildFile; fileRef = 211179D61DB19B8D0054FAA4 /* CGColor+Test.swift */; };
		211179E61DB75EFC0054FAA4 /* CGColor+ColourParser.swift in Sources */ = {isa = PBXBuildFile; fileRef = 211179DA1DB75EFC0054FAA4 /* CGColor+ColourParser.swift */; };
		211179E71DB75EFC0054FAA4 /* ColourParser.swift in Sources */ = {isa = PBXBuildFile; fileRef = 211179DB1DB75EFC0054FAA4 /* ColourParser.swift */; };
		211179E81DB75EFC0054FAA4 /* DeviceColourParser.swift in Sources */ = {isa = PBXBuildFile; fileRef = 211179DC1DB75EFC0054FAA4 /* DeviceColourParser.swift */; };
		211179E91DB75EFC0054FAA4 /* DeviceCYMKColourParser.swift in Sources */ = {isa = PBXBuildFile; fileRef = 211179DD1DB75EFC0054FAA4 /* DeviceCYMKColourParser.swift */; };
		211179EA1DB75EFC0054FAA4 /* DeviceGrayColourParser.swift in Sources */ = {isa = PBXBuildFile; fileRef = 211179DE1DB75EFC0054FAA4 /* DeviceGrayColourParser.swift */; };
		211179EB1DB75EFC0054FAA4 /* DeviceRGBColourParser.swift in Sources */ = {isa = PBXBuildFile; fileRef = 211179DF1DB75EFC0054FAA4 /* DeviceRGBColourParser.swift */; };
		211179EC1DB75EFC0054FAA4 /* HexColourParser.swift in Sources */ = {isa = PBXBuildFile; fileRef = 211179E01DB75EFC0054FAA4 /* HexColourParser.swift */; };
		211179ED1DB75EFC0054FAA4 /* ICCColourParser.swift in Sources */ = {isa = PBXBuildFile; fileRef = 211179E11DB75EFC0054FAA4 /* ICCColourParser.swift */; };
		211179EE1DB75EFC0054FAA4 /* NSColor+ColourParser.swift in Sources */ = {isa = PBXBuildFile; fileRef = 211179E21DB75EFC0054FAA4 /* NSColor+ColourParser.swift */; };
		211179EF1DB75EFC0054FAA4 /* RGBColourParser.swift in Sources */ = {isa = PBXBuildFile; fileRef = 211179E31DB75EFC0054FAA4 /* RGBColourParser.swift */; };
		211179F01DB75EFC0054FAA4 /* UIColor+ColourParser.swift in Sources */ = {isa = PBXBuildFile; fileRef = 211179E41DB75EFC0054FAA4 /* UIColor+ColourParser.swift */; };
		211179F11DB75EFC0054FAA4 /* WebColourParser.swift in Sources */ = {isa = PBXBuildFile; fileRef = 211179E51DB75EFC0054FAA4 /* WebColourParser.swift */; };
		2112676A1F9B864800ABBF05 /* StyleableObject.swift in Sources */ = {isa = PBXBuildFile; fileRef = 211267691F9B864800ABBF05 /* StyleableObject.swift */; };
		2112676C1F9B866A00ABBF05 /* UIView+Styling.swift in Sources */ = {isa = PBXBuildFile; fileRef = 2112676B1F9B866A00ABBF05 /* UIView+Styling.swift */; };
		2112676F1F9BB10400ABBF05 /* NSView+Styling.swift in Sources */ = {isa = PBXBuildFile; fileRef = 2112676D1F9B868500ABBF05 /* NSView+Styling.swift */; };
		2126E3C31F373C5A00A26C49 /* SelectorCombinator.swift in Sources */ = {isa = PBXBuildFile; fileRef = 2126E3C21F373C5A00A26C49 /* SelectorCombinator.swift */; };
		212E78251D5797B0003802D7 /* PathGeneratorTests.swift in Sources */ = {isa = PBXBuildFile; fileRef = 212E78241D5797B0003802D7 /* PathGeneratorTests.swift */; };
		212E78331D5832C4003802D7 /* AppDelegate.swift in Sources */ = {isa = PBXBuildFile; fileRef = 212E78321D5832C4003802D7 /* AppDelegate.swift */; };
		212E78351D5832C4003802D7 /* ViewController.swift in Sources */ = {isa = PBXBuildFile; fileRef = 212E78341D5832C4003802D7 /* ViewController.swift */; };
		212E78371D5832C4003802D7 /* Assets.xcassets in Resources */ = {isa = PBXBuildFile; fileRef = 212E78361D5832C4003802D7 /* Assets.xcassets */; };
		212E783A1D5832C4003802D7 /* Main.storyboard in Resources */ = {isa = PBXBuildFile; fileRef = 212E78381D5832C4003802D7 /* Main.storyboard */; };
		212E785B1D58ACAF003802D7 /* CGPathGeneratorTests.swift in Sources */ = {isa = PBXBuildFile; fileRef = 212E785A1D58ACAF003802D7 /* CGPathGeneratorTests.swift */; };
		213D06ED1D55F72200A5FD69 /* AppDelegate.swift in Sources */ = {isa = PBXBuildFile; fileRef = 213D06EC1D55F72200A5FD69 /* AppDelegate.swift */; };
		213D06EF1D55F72200A5FD69 /* ViewController.swift in Sources */ = {isa = PBXBuildFile; fileRef = 213D06EE1D55F72200A5FD69 /* ViewController.swift */; };
		213D06F21D55F72200A5FD69 /* Main.storyboard in Resources */ = {isa = PBXBuildFile; fileRef = 213D06F01D55F72200A5FD69 /* Main.storyboard */; };
		213D06F41D55F72200A5FD69 /* Assets.xcassets in Resources */ = {isa = PBXBuildFile; fileRef = 213D06F31D55F72200A5FD69 /* Assets.xcassets */; };
		213D06F71D55F72200A5FD69 /* LaunchScreen.storyboard in Resources */ = {isa = PBXBuildFile; fileRef = 213D06F51D55F72200A5FD69 /* LaunchScreen.storyboard */; };
		2149818F1F5F7C5700275D0F /* CSSPropertyTests.swift in Sources */ = {isa = PBXBuildFile; fileRef = 2149818E1F5F7C5700275D0F /* CSSPropertyTests.swift */; };
		2157D36D1D5AE3DE00C57462 /* Scalar2D_Mac_Test_AppTests.swift in Sources */ = {isa = PBXBuildFile; fileRef = 2157D36C1D5AE3DE00C57462 /* Scalar2D_Mac_Test_AppTests.swift */; };
		21871B671F9D73D400F6410A /* StyleableObject.swift in Sources */ = {isa = PBXBuildFile; fileRef = 211267691F9B864800ABBF05 /* StyleableObject.swift */; };
		21ABB1381F64331000967245 /* FontDescription.swift in Sources */ = {isa = PBXBuildFile; fileRef = 2180EC371F64329C00D7FE92 /* FontDescription.swift */; };
		21ABB1391F64331400967245 /* CoreText+FontDescription.swift in Sources */ = {isa = PBXBuildFile; fileRef = 2180EC381F64329C00D7FE92 /* CoreText+FontDescription.swift */; };
		21B167111DCEAA43006F5481 /* CSSParser+Test.swift in Sources */ = {isa = PBXBuildFile; fileRef = 21B167101DCEAA43006F5481 /* CSSParser+Test.swift */; };
		21B167131DCEABAF006F5481 /* Test.css in Resources */ = {isa = PBXBuildFile; fileRef = 21B167121DCEABAF006F5481 /* Test.css */; };
		21B41B131FAC0888003C974F /* Parsing.swift in Sources */ = {isa = PBXBuildFile; fileRef = 21B41B121FAC0888003C974F /* Parsing.swift */; };
		21B7197F1D48599B00B0ACBF /* Scalar2DTests.swift in Sources */ = {isa = PBXBuildFile; fileRef = 21B7197E1D48599B00B0ACBF /* Scalar2DTests.swift */; };
		21BD53B01F9623710085B6ED /* UnicodeScalarView+Utils.swift in Sources */ = {isa = PBXBuildFile; fileRef = 21BD53AF1F9623710085B6ED /* UnicodeScalarView+Utils.swift */; };
		21D8BDDD1F479E2D002B5BE7 /* GroupSelector.swift in Sources */ = {isa = PBXBuildFile; fileRef = 21D8BDDB1F479DE5002B5BE7 /* GroupSelector.swift */; };
		21D8BDDF1F491BAC002B5BE7 /* StylePropertyInterpreter.swift in Sources */ = {isa = PBXBuildFile; fileRef = 21D8BDDE1F491BAC002B5BE7 /* StylePropertyInterpreter.swift */; };
		21DA69061F98476500392CBB /* SVGPropertyInterpreter.swift in Sources */ = {isa = PBXBuildFile; fileRef = 21DA69051F98476400392CBB /* SVGPropertyInterpreter.swift */; };
		21DE653D1FFC5D7000673520 /* CoreText+Test.swift in Sources */ = {isa = PBXBuildFile; fileRef = 21DE653C1FFC5D7000673520 /* CoreText+Test.swift */; };
		21E7A9361F348956005FCDCB /* CGPath+Iterate.swift in Sources */ = {isa = PBXBuildFile; fileRef = 21B5ABCB1D60037D00B6E5EA /* CGPath+Iterate.swift */; };
		21EF7CBE1DBCFBD600D71CD4 /* StyleSelector.swift in Sources */ = {isa = PBXBuildFile; fileRef = 21F719031D71D1E600C98410 /* StyleSelector.swift */; };
		21EF7CBF1DBCFBDF00D71CD4 /* GraphicStyle.swift in Sources */ = {isa = PBXBuildFile; fileRef = 21F719001D71D11D00C98410 /* GraphicStyle.swift */; };
		21EF7CC01DBCFBE300D71CD4 /* CSSParser.swift in Sources */ = {isa = PBXBuildFile; fileRef = 21F718FE1D71D08B00C98410 /* CSSParser.swift */; };
		21F16AC42061FC61002F4913 /* SVGElements.swift in Sources */ = {isa = PBXBuildFile; fileRef = 21F16AC32061FC61002F4913 /* SVGElements.swift */; };
		21F16AC6206884D9002F4913 /* SVGElements+CoreGraphics.swift in Sources */ = {isa = PBXBuildFile; fileRef = 21F16AC5206884D9002F4913 /* SVGElements+CoreGraphics.swift */; };
		21FFE8C91D63009D003446DF /* Scalar2D.h in Headers */ = {isa = PBXBuildFile; fileRef = 21FFE8C71D63009D003446DF /* Scalar2D.h */; settings = {ATTRIBUTES = (Public, ); }; };
		21FFE8CC1D63009D003446DF /* Scalar2D.framework in Frameworks */ = {isa = PBXBuildFile; fileRef = 21FFE8C51D63009D003446DF /* Scalar2D.framework */; };
		21FFE8CD1D63009D003446DF /* Scalar2D.framework in Embed Frameworks */ = {isa = PBXBuildFile; fileRef = 21FFE8C51D63009D003446DF /* Scalar2D.framework */; settings = {ATTRIBUTES = (CodeSignOnCopy, RemoveHeadersOnCopy, ); }; };
		21FFE8D11D6300AC003446DF /* DocumentContext.swift in Sources */ = {isa = PBXBuildFile; fileRef = 21B7198A1D48633A00B0ACBF /* DocumentContext.swift */; };
		21FFE8D21D6300AF003446DF /* DrawStyle.swift in Sources */ = {isa = PBXBuildFile; fileRef = 21B7198C1D4A2DBF00B0ACBF /* DrawStyle.swift */; };
		21FFE8D31D6300BA003446DF /* PathGenerator.swift in Sources */ = {isa = PBXBuildFile; fileRef = 21B7198E1D4A35B000B0ACBF /* PathGenerator.swift */; };
		21FFE8D41D6300BA003446DF /* CGPath+SVG.swift in Sources */ = {isa = PBXBuildFile; fileRef = 212E78281D57C05C003802D7 /* CGPath+SVG.swift */; };
		21FFE8D51D6300BA003446DF /* CGPath+Iterate.swift in Sources */ = {isa = PBXBuildFile; fileRef = 21B5ABCB1D60037D00B6E5EA /* CGPath+Iterate.swift */; };
		21FFE8D61D6300BA003446DF /* UIBezierPath+SVG.swift in Sources */ = {isa = PBXBuildFile; fileRef = 212E782A1D5826AE003802D7 /* UIBezierPath+SVG.swift */; };
		21FFE8D81D630108003446DF /* PathView+iOS.swift in Sources */ = {isa = PBXBuildFile; fileRef = 21E326C81D5B411900B64C7C /* PathView+iOS.swift */; };
		21FFE8DA1D6463C2003446DF /* NSBezierPath+SVG.swift in Sources */ = {isa = PBXBuildFile; fileRef = 212E783F1D583401003802D7 /* NSBezierPath+SVG.swift */; };
		21FFE8DB1D6463C8003446DF /* CGPath+Iterate.swift in Sources */ = {isa = PBXBuildFile; fileRef = 21B5ABCB1D60037D00B6E5EA /* CGPath+Iterate.swift */; };
		21FFE8DD1D6463D0003446DF /* CGPath+SVG.swift in Sources */ = {isa = PBXBuildFile; fileRef = 212E78281D57C05C003802D7 /* CGPath+SVG.swift */; };
		21FFE8DE1D6463D6003446DF /* PathGenerator.swift in Sources */ = {isa = PBXBuildFile; fileRef = 21B7198E1D4A35B000B0ACBF /* PathGenerator.swift */; };
		21FFE8E01D6464A8003446DF /* PathView+Mac.swift in Sources */ = {isa = PBXBuildFile; fileRef = 21FFE8DF1D6464A8003446DF /* PathView+Mac.swift */; };
		21FFE8E51D646669003446DF /* PathView+Cross.swift in Sources */ = {isa = PBXBuildFile; fileRef = 21FFE8E41D646669003446DF /* PathView+Cross.swift */; };
		21FFE8E61D646669003446DF /* PathView+Cross.swift in Sources */ = {isa = PBXBuildFile; fileRef = 21FFE8E41D646669003446DF /* PathView+Cross.swift */; };
		21FFE8EA1D6473D3003446DF /* CoreGraphics.framework in Frameworks */ = {isa = PBXBuildFile; fileRef = 21FFE8E91D6473D3003446DF /* CoreGraphics.framework */; };
/* End PBXBuildFile section */

/* Begin PBXContainerItemProxy section */
		212E78261D579C29003802D7 /* PBXContainerItemProxy */ = {
			isa = PBXContainerItemProxy;
			containerPortal = 21B719671D48599A00B0ACBF /* Project object */;
			proxyType = 1;
			remoteGlobalIDString = 213D06E91D55F72100A5FD69;
			remoteInfo = "Scalar2D Test App";
		};
		2157D36F1D5AE3DE00C57462 /* PBXContainerItemProxy */ = {
			isa = PBXContainerItemProxy;
			containerPortal = 21B719671D48599A00B0ACBF /* Project object */;
			proxyType = 1;
			remoteGlobalIDString = 212E782F1D5832C4003802D7;
			remoteInfo = "Scalar2D Mac Test App";
		};
		21FFE8CA1D63009D003446DF /* PBXContainerItemProxy */ = {
			isa = PBXContainerItemProxy;
			containerPortal = 21B719671D48599A00B0ACBF /* Project object */;
			proxyType = 1;
			remoteGlobalIDString = 21FFE8C41D63009D003446DF;
			remoteInfo = Scalar2D;
		};
/* End PBXContainerItemProxy section */

/* Begin PBXCopyFilesBuildPhase section */
		212E78521D5834C3003802D7 /* Embed Frameworks */ = {
			isa = PBXCopyFilesBuildPhase;
			buildActionMask = 2147483647;
			dstPath = "";
			dstSubfolderSpec = 10;
			files = (
			);
			name = "Embed Frameworks";
			runOnlyForDeploymentPostprocessing = 0;
		};
		213D07001D55F72D00A5FD69 /* Embed Frameworks */ = {
			isa = PBXCopyFilesBuildPhase;
			buildActionMask = 2147483647;
			dstPath = "";
			dstSubfolderSpec = 10;
			files = (
				21FFE8CD1D63009D003446DF /* Scalar2D.framework in Embed Frameworks */,
			);
			name = "Embed Frameworks";
			runOnlyForDeploymentPostprocessing = 0;
		};
/* End PBXCopyFilesBuildPhase section */

/* Begin PBXFileReference section */
		2103E55D1DD97E3B005E3A09 /* StyleBlock.swift */ = {isa = PBXFileReference; fileEncoding = 4; lastKnownFileType = sourcecode.swift; name = StyleBlock.swift; path = Styling/Source/StyleBlock.swift; sourceTree = SOURCE_ROOT; };
		211179C61DACAB740054FAA4 /* ColourParserTests.swift */ = {isa = PBXFileReference; fileEncoding = 4; lastKnownFileType = sourcecode.swift; path = ColourParserTests.swift; sourceTree = "<group>"; };
		211179D61DB19B8D0054FAA4 /* CGColor+Test.swift */ = {isa = PBXFileReference; fileEncoding = 4; lastKnownFileType = sourcecode.swift; path = "CGColor+Test.swift"; sourceTree = "<group>"; };
		211179DA1DB75EFC0054FAA4 /* CGColor+ColourParser.swift */ = {isa = PBXFileReference; fileEncoding = 4; lastKnownFileType = sourcecode.swift; name = "CGColor+ColourParser.swift"; path = "Source/CGColor+ColourParser.swift"; sourceTree = "<group>"; };
		211179DB1DB75EFC0054FAA4 /* ColourParser.swift */ = {isa = PBXFileReference; fileEncoding = 4; lastKnownFileType = sourcecode.swift; name = ColourParser.swift; path = Source/ColourParser.swift; sourceTree = "<group>"; };
		211179DC1DB75EFC0054FAA4 /* DeviceColourParser.swift */ = {isa = PBXFileReference; fileEncoding = 4; lastKnownFileType = sourcecode.swift; name = DeviceColourParser.swift; path = Source/DeviceColourParser.swift; sourceTree = "<group>"; };
		211179DD1DB75EFC0054FAA4 /* DeviceCYMKColourParser.swift */ = {isa = PBXFileReference; fileEncoding = 4; lastKnownFileType = sourcecode.swift; name = DeviceCYMKColourParser.swift; path = Source/DeviceCYMKColourParser.swift; sourceTree = "<group>"; };
		211179DE1DB75EFC0054FAA4 /* DeviceGrayColourParser.swift */ = {isa = PBXFileReference; fileEncoding = 4; lastKnownFileType = sourcecode.swift; name = DeviceGrayColourParser.swift; path = Source/DeviceGrayColourParser.swift; sourceTree = "<group>"; };
		211179DF1DB75EFC0054FAA4 /* DeviceRGBColourParser.swift */ = {isa = PBXFileReference; fileEncoding = 4; lastKnownFileType = sourcecode.swift; name = DeviceRGBColourParser.swift; path = Source/DeviceRGBColourParser.swift; sourceTree = "<group>"; };
		211179E01DB75EFC0054FAA4 /* HexColourParser.swift */ = {isa = PBXFileReference; fileEncoding = 4; lastKnownFileType = sourcecode.swift; name = HexColourParser.swift; path = Source/HexColourParser.swift; sourceTree = "<group>"; };
		211179E11DB75EFC0054FAA4 /* ICCColourParser.swift */ = {isa = PBXFileReference; fileEncoding = 4; lastKnownFileType = sourcecode.swift; name = ICCColourParser.swift; path = Source/ICCColourParser.swift; sourceTree = "<group>"; };
		211179E21DB75EFC0054FAA4 /* NSColor+ColourParser.swift */ = {isa = PBXFileReference; fileEncoding = 4; lastKnownFileType = sourcecode.swift; name = "NSColor+ColourParser.swift"; path = "Source/NSColor+ColourParser.swift"; sourceTree = "<group>"; };
		211179E31DB75EFC0054FAA4 /* RGBColourParser.swift */ = {isa = PBXFileReference; fileEncoding = 4; lastKnownFileType = sourcecode.swift; name = RGBColourParser.swift; path = Source/RGBColourParser.swift; sourceTree = "<group>"; };
		211179E41DB75EFC0054FAA4 /* UIColor+ColourParser.swift */ = {isa = PBXFileReference; fileEncoding = 4; lastKnownFileType = sourcecode.swift; name = "UIColor+ColourParser.swift"; path = "Source/UIColor+ColourParser.swift"; sourceTree = "<group>"; };
		211179E51DB75EFC0054FAA4 /* WebColourParser.swift */ = {isa = PBXFileReference; fileEncoding = 4; lastKnownFileType = sourcecode.swift; name = WebColourParser.swift; path = Source/WebColourParser.swift; sourceTree = "<group>"; };
		211267691F9B864800ABBF05 /* StyleableObject.swift */ = {isa = PBXFileReference; lastKnownFileType = sourcecode.swift; name = StyleableObject.swift; path = Views/CrossPlatform/Source/StyleableObject.swift; sourceTree = SOURCE_ROOT; };
		2112676B1F9B866A00ABBF05 /* UIView+Styling.swift */ = {isa = PBXFileReference; fileEncoding = 4; lastKnownFileType = sourcecode.swift; name = "UIView+Styling.swift"; path = "Views/UIKit/Source/UIView+Styling.swift"; sourceTree = SOURCE_ROOT; };
		2112676D1F9B868500ABBF05 /* NSView+Styling.swift */ = {isa = PBXFileReference; lastKnownFileType = sourcecode.swift; name = "NSView+Styling.swift"; path = "Views/Cocoa/Source/NSView+Styling.swift"; sourceTree = SOURCE_ROOT; };
		2126E3C21F373C5A00A26C49 /* SelectorCombinator.swift */ = {isa = PBXFileReference; lastKnownFileType = sourcecode.swift; name = SelectorCombinator.swift; path = Styling/Source/SelectorCombinator.swift; sourceTree = SOURCE_ROOT; };
		212E78241D5797B0003802D7 /* PathGeneratorTests.swift */ = {isa = PBXFileReference; fileEncoding = 4; lastKnownFileType = sourcecode.swift; path = PathGeneratorTests.swift; sourceTree = "<group>"; };
		212E78281D57C05C003802D7 /* CGPath+SVG.swift */ = {isa = PBXFileReference; fileEncoding = 4; lastKnownFileType = sourcecode.swift; name = "CGPath+SVG.swift"; path = "GraphicPath/Source/CGPath+SVG.swift"; sourceTree = SOURCE_ROOT; };
		212E782A1D5826AE003802D7 /* UIBezierPath+SVG.swift */ = {isa = PBXFileReference; fileEncoding = 4; lastKnownFileType = sourcecode.swift; name = "UIBezierPath+SVG.swift"; path = "GraphicPath/Source/UIBezierPath+SVG.swift"; sourceTree = SOURCE_ROOT; };
		212E78301D5832C4003802D7 /* Scalar2D Mac Test App.app */ = {isa = PBXFileReference; explicitFileType = wrapper.application; includeInIndex = 0; path = "Scalar2D Mac Test App.app"; sourceTree = BUILT_PRODUCTS_DIR; };
		212E78321D5832C4003802D7 /* AppDelegate.swift */ = {isa = PBXFileReference; lastKnownFileType = sourcecode.swift; path = AppDelegate.swift; sourceTree = "<group>"; };
		212E78341D5832C4003802D7 /* ViewController.swift */ = {isa = PBXFileReference; lastKnownFileType = sourcecode.swift; path = ViewController.swift; sourceTree = "<group>"; };
		212E78361D5832C4003802D7 /* Assets.xcassets */ = {isa = PBXFileReference; lastKnownFileType = folder.assetcatalog; path = Assets.xcassets; sourceTree = "<group>"; };
		212E78391D5832C4003802D7 /* Base */ = {isa = PBXFileReference; lastKnownFileType = file.storyboard; name = Base; path = Base.lproj/Main.storyboard; sourceTree = "<group>"; };
		212E783B1D5832C4003802D7 /* Info.plist */ = {isa = PBXFileReference; lastKnownFileType = text.plist.xml; path = Info.plist; sourceTree = "<group>"; };
		212E783F1D583401003802D7 /* NSBezierPath+SVG.swift */ = {isa = PBXFileReference; fileEncoding = 4; lastKnownFileType = sourcecode.swift; name = "NSBezierPath+SVG.swift"; path = "GraphicPath/Source/NSBezierPath+SVG.swift"; sourceTree = SOURCE_ROOT; };
		212E78481D5834C2003802D7 /* Scalar2DMac.h */ = {isa = PBXFileReference; lastKnownFileType = sourcecode.c.h; path = Scalar2DMac.h; sourceTree = "<group>"; };
		212E78491D5834C2003802D7 /* Info.plist */ = {isa = PBXFileReference; lastKnownFileType = text.plist.xml; path = Info.plist; sourceTree = "<group>"; };
		212E78591D5835BA003802D7 /* Scalar2D Mac Playground.playground */ = {isa = PBXFileReference; lastKnownFileType = file.playground; path = "Scalar2D Mac Playground.playground"; sourceTree = "<group>"; };
		212E785A1D58ACAF003802D7 /* CGPathGeneratorTests.swift */ = {isa = PBXFileReference; fileEncoding = 4; lastKnownFileType = sourcecode.swift; path = CGPathGeneratorTests.swift; sourceTree = "<group>"; };
		213D06EA1D55F72100A5FD69 /* Scalar2D iOS Test App.app */ = {isa = PBXFileReference; explicitFileType = wrapper.application; includeInIndex = 0; path = "Scalar2D iOS Test App.app"; sourceTree = BUILT_PRODUCTS_DIR; };
		213D06EC1D55F72200A5FD69 /* AppDelegate.swift */ = {isa = PBXFileReference; lastKnownFileType = sourcecode.swift; path = AppDelegate.swift; sourceTree = "<group>"; };
		213D06EE1D55F72200A5FD69 /* ViewController.swift */ = {isa = PBXFileReference; lastKnownFileType = sourcecode.swift; path = ViewController.swift; sourceTree = "<group>"; };
		213D06F11D55F72200A5FD69 /* Base */ = {isa = PBXFileReference; lastKnownFileType = file.storyboard; name = Base; path = Base.lproj/Main.storyboard; sourceTree = "<group>"; };
		213D06F31D55F72200A5FD69 /* Assets.xcassets */ = {isa = PBXFileReference; lastKnownFileType = folder.assetcatalog; path = Assets.xcassets; sourceTree = "<group>"; };
		213D06F61D55F72200A5FD69 /* Base */ = {isa = PBXFileReference; lastKnownFileType = file.storyboard; name = Base; path = Base.lproj/LaunchScreen.storyboard; sourceTree = "<group>"; };
		213D06F81D55F72200A5FD69 /* Info.plist */ = {isa = PBXFileReference; lastKnownFileType = text.plist.xml; path = Info.plist; sourceTree = "<group>"; };
		2149818E1F5F7C5700275D0F /* CSSPropertyTests.swift */ = {isa = PBXFileReference; lastKnownFileType = sourcecode.swift; path = CSSPropertyTests.swift; sourceTree = "<group>"; };
		2157D36A1D5AE3DE00C57462 /* Scalar2D Mac Test AppTests.xctest */ = {isa = PBXFileReference; explicitFileType = wrapper.cfbundle; includeInIndex = 0; path = "Scalar2D Mac Test AppTests.xctest"; sourceTree = BUILT_PRODUCTS_DIR; };
		2157D36C1D5AE3DE00C57462 /* Scalar2D_Mac_Test_AppTests.swift */ = {isa = PBXFileReference; lastKnownFileType = sourcecode.swift; path = Scalar2D_Mac_Test_AppTests.swift; sourceTree = "<group>"; };
		2157D36E1D5AE3DE00C57462 /* Info.plist */ = {isa = PBXFileReference; lastKnownFileType = text.plist.xml; path = Info.plist; sourceTree = "<group>"; };
		2157D3741D5AE40500C57462 /* NSBezierPathTests.swift */ = {isa = PBXFileReference; fileEncoding = 4; lastKnownFileType = sourcecode.swift; path = NSBezierPathTests.swift; sourceTree = "<group>"; };
		2180EC371F64329C00D7FE92 /* FontDescription.swift */ = {isa = PBXFileReference; lastKnownFileType = sourcecode.swift; name = FontDescription.swift; path = Font/Source/FontDescription.swift; sourceTree = SOURCE_ROOT; };
		2180EC381F64329C00D7FE92 /* CoreText+FontDescription.swift */ = {isa = PBXFileReference; lastKnownFileType = sourcecode.swift; name = "CoreText+FontDescription.swift"; path = "Font/Source/CoreText+FontDescription.swift"; sourceTree = SOURCE_ROOT; };
		21B167101DCEAA43006F5481 /* CSSParser+Test.swift */ = {isa = PBXFileReference; fileEncoding = 4; lastKnownFileType = sourcecode.swift; path = "CSSParser+Test.swift"; sourceTree = "<group>"; };
		21B167121DCEABAF006F5481 /* Test.css */ = {isa = PBXFileReference; fileEncoding = 4; lastKnownFileType = text.css; name = Test.css; path = TestFiles/Test.css; sourceTree = "<group>"; };
		21B41B121FAC0888003C974F /* Parsing.swift */ = {isa = PBXFileReference; lastKnownFileType = sourcecode.swift; name = Parsing.swift; path = Source/Parsing.swift; sourceTree = "<group>"; };
		21B5ABCB1D60037D00B6E5EA /* CGPath+Iterate.swift */ = {isa = PBXFileReference; fileEncoding = 4; lastKnownFileType = sourcecode.swift; name = "CGPath+Iterate.swift"; path = "GraphicPath/Source/CGPath+Iterate.swift"; sourceTree = SOURCE_ROOT; };
		21B719731D48599A00B0ACBF /* Scalar2D.h */ = {isa = PBXFileReference; lastKnownFileType = sourcecode.c.h; path = Scalar2D.h; sourceTree = "<group>"; };
		21B719741D48599A00B0ACBF /* Info.plist */ = {isa = PBXFileReference; lastKnownFileType = text.plist.xml; path = Info.plist; sourceTree = "<group>"; };
		21B719791D48599B00B0ACBF /* Scalar2DTests.xctest */ = {isa = PBXFileReference; explicitFileType = wrapper.cfbundle; includeInIndex = 0; path = Scalar2DTests.xctest; sourceTree = BUILT_PRODUCTS_DIR; };
		21B7197E1D48599B00B0ACBF /* Scalar2DTests.swift */ = {isa = PBXFileReference; lastKnownFileType = sourcecode.swift; path = Scalar2DTests.swift; sourceTree = "<group>"; };
		21B719801D48599B00B0ACBF /* Info.plist */ = {isa = PBXFileReference; lastKnownFileType = text.plist.xml; path = Info.plist; sourceTree = "<group>"; };
		21B7198A1D48633A00B0ACBF /* DocumentContext.swift */ = {isa = PBXFileReference; fileEncoding = 4; lastKnownFileType = sourcecode.swift; name = DocumentContext.swift; path = Source/DocumentContext.swift; sourceTree = "<group>"; };
		21B7198C1D4A2DBF00B0ACBF /* DrawStyle.swift */ = {isa = PBXFileReference; fileEncoding = 4; lastKnownFileType = sourcecode.swift; name = DrawStyle.swift; path = Source/DrawStyle.swift; sourceTree = "<group>"; };
		21B7198E1D4A35B000B0ACBF /* PathGenerator.swift */ = {isa = PBXFileReference; fileEncoding = 4; lastKnownFileType = sourcecode.swift; name = PathGenerator.swift; path = GraphicPath/Source/PathGenerator.swift; sourceTree = SOURCE_ROOT; };
		21BD53AF1F9623710085B6ED /* UnicodeScalarView+Utils.swift */ = {isa = PBXFileReference; lastKnownFileType = sourcecode.swift; name = "UnicodeScalarView+Utils.swift"; path = "Styling/Source/UnicodeScalarView+Utils.swift"; sourceTree = SOURCE_ROOT; };
		21D8BDDB1F479DE5002B5BE7 /* GroupSelector.swift */ = {isa = PBXFileReference; lastKnownFileType = sourcecode.swift; name = GroupSelector.swift; path = Styling/Source/GroupSelector.swift; sourceTree = SOURCE_ROOT; };
		21D8BDDE1F491BAC002B5BE7 /* StylePropertyInterpreter.swift */ = {isa = PBXFileReference; lastKnownFileType = sourcecode.swift; name = StylePropertyInterpreter.swift; path = Styling/Source/StylePropertyInterpreter.swift; sourceTree = SOURCE_ROOT; };
		21DA69051F98476400392CBB /* SVGPropertyInterpreter.swift */ = {isa = PBXFileReference; lastKnownFileType = sourcecode.swift; name = SVGPropertyInterpreter.swift; path = Styling/Source/SVGPropertyInterpreter.swift; sourceTree = SOURCE_ROOT; };
		21DE653C1FFC5D7000673520 /* CoreText+Test.swift */ = {isa = PBXFileReference; lastKnownFileType = sourcecode.swift; path = "CoreText+Test.swift"; sourceTree = "<group>"; };
		21E326C81D5B411900B64C7C /* PathView+iOS.swift */ = {isa = PBXFileReference; fileEncoding = 4; lastKnownFileType = sourcecode.swift; name = "PathView+iOS.swift"; path = "Views/UIKit/Source/PathView+iOS.swift"; sourceTree = SOURCE_ROOT; };
		21F16AC32061FC61002F4913 /* SVGElements.swift */ = {isa = PBXFileReference; lastKnownFileType = sourcecode.swift; name = SVGElements.swift; path = SVG/Source/SVGElements.swift; sourceTree = SOURCE_ROOT; };
		21F16AC5206884D9002F4913 /* SVGElements+CoreGraphics.swift */ = {isa = PBXFileReference; lastKnownFileType = sourcecode.swift; name = "SVGElements+CoreGraphics.swift"; path = "SVG/Source/SVGElements+CoreGraphics.swift"; sourceTree = SOURCE_ROOT; };
		21F718FE1D71D08B00C98410 /* CSSParser.swift */ = {isa = PBXFileReference; fileEncoding = 4; lastKnownFileType = sourcecode.swift; name = CSSParser.swift; path = Styling/Source/CSSParser.swift; sourceTree = SOURCE_ROOT; };
		21F719001D71D11D00C98410 /* GraphicStyle.swift */ = {isa = PBXFileReference; fileEncoding = 4; lastKnownFileType = sourcecode.swift; name = GraphicStyle.swift; path = Styling/Source/GraphicStyle.swift; sourceTree = SOURCE_ROOT; };
		21F719031D71D1E600C98410 /* StyleSelector.swift */ = {isa = PBXFileReference; fileEncoding = 4; lastKnownFileType = sourcecode.swift; name = StyleSelector.swift; path = Styling/Source/StyleSelector.swift; sourceTree = SOURCE_ROOT; };
		21FFE8C51D63009D003446DF /* Scalar2D.framework */ = {isa = PBXFileReference; explicitFileType = wrapper.framework; includeInIndex = 0; path = Scalar2D.framework; sourceTree = BUILT_PRODUCTS_DIR; };
		21FFE8C71D63009D003446DF /* Scalar2D.h */ = {isa = PBXFileReference; lastKnownFileType = sourcecode.c.h; path = Scalar2D.h; sourceTree = "<group>"; };
		21FFE8C81D63009D003446DF /* Info.plist */ = {isa = PBXFileReference; lastKnownFileType = text.plist.xml; path = Info.plist; sourceTree = "<group>"; };
		21FFE8D91D630227003446DF /* Scalard2D (iOS).playground */ = {isa = PBXFileReference; lastKnownFileType = file.playground; path = "Scalard2D (iOS).playground"; sourceTree = "<group>"; xcLanguageSpecificationIdentifier = xcode.lang.swift; };
		21FFE8DF1D6464A8003446DF /* PathView+Mac.swift */ = {isa = PBXFileReference; fileEncoding = 4; lastKnownFileType = sourcecode.swift; name = "PathView+Mac.swift"; path = "Views/Cocoa/Source/PathView+Mac.swift"; sourceTree = SOURCE_ROOT; };
		21FFE8E41D646669003446DF /* PathView+Cross.swift */ = {isa = PBXFileReference; fileEncoding = 4; lastKnownFileType = sourcecode.swift; name = "PathView+Cross.swift"; path = "Views/CrossPlatform/Source/PathView+Cross.swift"; sourceTree = SOURCE_ROOT; };
		21FFE8E91D6473D3003446DF /* CoreGraphics.framework */ = {isa = PBXFileReference; lastKnownFileType = wrapper.framework; name = CoreGraphics.framework; path = Platforms/MacOSX.platform/Developer/SDKs/MacOSX10.12.sdk/System/Library/Frameworks/CoreGraphics.framework; sourceTree = DEVELOPER_DIR; };
/* End PBXFileReference section */

/* Begin PBXFrameworksBuildPhase section */
		212E782D1D5832C4003802D7 /* Frameworks */ = {
			isa = PBXFrameworksBuildPhase;
			buildActionMask = 2147483647;
			files = (
				21FFE8EA1D6473D3003446DF /* CoreGraphics.framework in Frameworks */,
			);
			runOnlyForDeploymentPostprocessing = 0;
		};
		213D06E71D55F72100A5FD69 /* Frameworks */ = {
			isa = PBXFrameworksBuildPhase;
			buildActionMask = 2147483647;
			files = (
				21FFE8CC1D63009D003446DF /* Scalar2D.framework in Frameworks */,
			);
			runOnlyForDeploymentPostprocessing = 0;
		};
		2157D3671D5AE3DE00C57462 /* Frameworks */ = {
			isa = PBXFrameworksBuildPhase;
			buildActionMask = 2147483647;
			files = (
			);
			runOnlyForDeploymentPostprocessing = 0;
		};
		21B719761D48599B00B0ACBF /* Frameworks */ = {
			isa = PBXFrameworksBuildPhase;
			buildActionMask = 2147483647;
			files = (
			);
			runOnlyForDeploymentPostprocessing = 0;
		};
		21FFE8C11D63009D003446DF /* Frameworks */ = {
			isa = PBXFrameworksBuildPhase;
			buildActionMask = 2147483647;
			files = (
			);
			runOnlyForDeploymentPostprocessing = 0;
		};
/* End PBXFrameworksBuildPhase section */

/* Begin PBXGroup section */
		211179D81DB75EFC0054FAA4 /* Colour */ = {
			isa = PBXGroup;
			children = (
				211179DA1DB75EFC0054FAA4 /* CGColor+ColourParser.swift */,
				211179DB1DB75EFC0054FAA4 /* ColourParser.swift */,
				211179DC1DB75EFC0054FAA4 /* DeviceColourParser.swift */,
				211179DD1DB75EFC0054FAA4 /* DeviceCYMKColourParser.swift */,
				211179DE1DB75EFC0054FAA4 /* DeviceGrayColourParser.swift */,
				211179DF1DB75EFC0054FAA4 /* DeviceRGBColourParser.swift */,
				211179E01DB75EFC0054FAA4 /* HexColourParser.swift */,
				211179E11DB75EFC0054FAA4 /* ICCColourParser.swift */,
				211179E21DB75EFC0054FAA4 /* NSColor+ColourParser.swift */,
				211179E31DB75EFC0054FAA4 /* RGBColourParser.swift */,
				211179E41DB75EFC0054FAA4 /* UIColor+ColourParser.swift */,
				211179E51DB75EFC0054FAA4 /* WebColourParser.swift */,
			);
			path = Colour;
			sourceTree = "<group>";
		};
		212E78311D5832C4003802D7 /* Scalar2D Mac Test App */ = {
			isa = PBXGroup;
			children = (
				212E78591D5835BA003802D7 /* Scalar2D Mac Playground.playground */,
				212E78321D5832C4003802D7 /* AppDelegate.swift */,
				212E78341D5832C4003802D7 /* ViewController.swift */,
				212E78361D5832C4003802D7 /* Assets.xcassets */,
				212E78381D5832C4003802D7 /* Main.storyboard */,
				212E783B1D5832C4003802D7 /* Info.plist */,
			);
			path = "Scalar2D Mac Test App";
			sourceTree = "<group>";
		};
		212E78471D5834C2003802D7 /* Scalar2DMac */ = {
			isa = PBXGroup;
			children = (
				212E78481D5834C2003802D7 /* Scalar2DMac.h */,
				212E78491D5834C2003802D7 /* Info.plist */,
			);
			path = Scalar2DMac;
			sourceTree = "<group>";
		};
		213D06EB1D55F72200A5FD69 /* Scalar2D iOS Test App */ = {
			isa = PBXGroup;
			children = (
				21FFE8D91D630227003446DF /* Scalard2D (iOS).playground */,
				213D06EC1D55F72200A5FD69 /* AppDelegate.swift */,
				213D06EE1D55F72200A5FD69 /* ViewController.swift */,
				213D06F01D55F72200A5FD69 /* Main.storyboard */,
				213D06F31D55F72200A5FD69 /* Assets.xcassets */,
				213D06F51D55F72200A5FD69 /* LaunchScreen.storyboard */,
				213D06F81D55F72200A5FD69 /* Info.plist */,
			);
			name = "Scalar2D iOS Test App";
			path = "Scalar2D Test App";
			sourceTree = "<group>";
		};
		2157D36B1D5AE3DE00C57462 /* Scalar2D Mac Test AppTests */ = {
			isa = PBXGroup;
			children = (
				2157D36C1D5AE3DE00C57462 /* Scalar2D_Mac_Test_AppTests.swift */,
				2157D36E1D5AE3DE00C57462 /* Info.plist */,
			);
			path = "Scalar2D Mac Test AppTests";
			sourceTree = "<group>";
		};
		2180EC361F64311A00D7FE92 /* Font */ = {
			isa = PBXGroup;
			children = (
				2180EC381F64329C00D7FE92 /* CoreText+FontDescription.swift */,
				2180EC371F64329C00D7FE92 /* FontDescription.swift */,
			);
			name = Font;
			path = Scalar2D/Font;
			sourceTree = "<group>";
		};
		21B167141DCEABB6006F5481 /* TestFiles */ = {
			isa = PBXGroup;
			children = (
				21B167121DCEABAF006F5481 /* Test.css */,
			);
			name = TestFiles;
			sourceTree = "<group>";
		};
		21B41B111FAC0848003C974F /* Utils */ = {
			isa = PBXGroup;
			children = (
				21B41B121FAC0888003C974F /* Parsing.swift */,
			);
			path = Utils;
			sourceTree = "<group>";
		};
		21B719661D48599A00B0ACBF = {
			isa = PBXGroup;
			children = (
				21B41B111FAC0848003C974F /* Utils */,
				2180EC361F64311A00D7FE92 /* Font */,
				21B719721D48599A00B0ACBF /* Scalar2D */,
				21F719021D71D12C00C98410 /* Styling */,
				211179D81DB75EFC0054FAA4 /* Colour */,
				21F16AC22061FBDB002F4913 /* SVG */,
				21B719901D4A35BD00B0ACBF /* GraphicPath */,
				21FFE8E11D6465EB003446DF /* Views */,
				21B7197D1D48599B00B0ACBF /* Scalar2DTests */,
				213D06EB1D55F72200A5FD69 /* Scalar2D iOS Test App */,
				212E78311D5832C4003802D7 /* Scalar2D Mac Test App */,
				212E78471D5834C2003802D7 /* Scalar2DMac */,
				2157D36B1D5AE3DE00C57462 /* Scalar2D Mac Test AppTests */,
				21FFE8C61D63009D003446DF /* Scalar2D */,
				21B719711D48599A00B0ACBF /* Products */,
				21FFE8E81D6473D3003446DF /* Frameworks */,
			);
			sourceTree = "<group>";
		};
		21B719711D48599A00B0ACBF /* Products */ = {
			isa = PBXGroup;
			children = (
				21B719791D48599B00B0ACBF /* Scalar2DTests.xctest */,
				213D06EA1D55F72100A5FD69 /* Scalar2D iOS Test App.app */,
				212E78301D5832C4003802D7 /* Scalar2D Mac Test App.app */,
				2157D36A1D5AE3DE00C57462 /* Scalar2D Mac Test AppTests.xctest */,
				21FFE8C51D63009D003446DF /* Scalar2D.framework */,
			);
			name = Products;
			sourceTree = "<group>";
		};
		21B719721D48599A00B0ACBF /* Scalar2D */ = {
			isa = PBXGroup;
			children = (
				21B719731D48599A00B0ACBF /* Scalar2D.h */,
				21B719741D48599A00B0ACBF /* Info.plist */,
				21B7198A1D48633A00B0ACBF /* DocumentContext.swift */,
				21B7198C1D4A2DBF00B0ACBF /* DrawStyle.swift */,
			);
			path = Scalar2D;
			sourceTree = "<group>";
		};
		21B7197D1D48599B00B0ACBF /* Scalar2DTests */ = {
			isa = PBXGroup;
			children = (
				211179D61DB19B8D0054FAA4 /* CGColor+Test.swift */,
				212E785A1D58ACAF003802D7 /* CGPathGeneratorTests.swift */,
				211179C61DACAB740054FAA4 /* ColourParserTests.swift */,
				21B167101DCEAA43006F5481 /* CSSParser+Test.swift */,
				21DE653C1FFC5D7000673520 /* CoreText+Test.swift */,
				2149818E1F5F7C5700275D0F /* CSSPropertyTests.swift */,
				2157D3741D5AE40500C57462 /* NSBezierPathTests.swift */,
				212E78241D5797B0003802D7 /* PathGeneratorTests.swift */,
				21B7197E1D48599B00B0ACBF /* Scalar2DTests.swift */,
				21B719801D48599B00B0ACBF /* Info.plist */,
				21B167141DCEABB6006F5481 /* TestFiles */,
			);
			path = Scalar2DTests;
			sourceTree = "<group>";
		};
		21B719901D4A35BD00B0ACBF /* GraphicPath */ = {
			isa = PBXGroup;
			children = (
				21B7198E1D4A35B000B0ACBF /* PathGenerator.swift */,
				212E78281D57C05C003802D7 /* CGPath+SVG.swift */,
				21B5ABCB1D60037D00B6E5EA /* CGPath+Iterate.swift */,
				212E782A1D5826AE003802D7 /* UIBezierPath+SVG.swift */,
				212E783F1D583401003802D7 /* NSBezierPath+SVG.swift */,
			);
			name = GraphicPath;
			path = Scalar2D;
			sourceTree = "<group>";
		};
		21F16AC22061FBDB002F4913 /* SVG */ = {
			isa = PBXGroup;
			children = (
				21F16AC32061FC61002F4913 /* SVGElements.swift */,
				21F16AC5206884D9002F4913 /* SVGElements+CoreGraphics.swift */,
			);
			name = SVG;
			path = "New Group";
			sourceTree = "<group>";
		};
		21F719021D71D12C00C98410 /* Styling */ = {
			isa = PBXGroup;
			children = (
				21F718FE1D71D08B00C98410 /* CSSParser.swift */,
				21F719001D71D11D00C98410 /* GraphicStyle.swift */,
				21DA69051F98476400392CBB /* SVGPropertyInterpreter.swift */,
				21F719031D71D1E600C98410 /* StyleSelector.swift */,
				21D8BDDB1F479DE5002B5BE7 /* GroupSelector.swift */,
				2103E55D1DD97E3B005E3A09 /* StyleBlock.swift */,
				21D8BDDE1F491BAC002B5BE7 /* StylePropertyInterpreter.swift */,
				2126E3C21F373C5A00A26C49 /* SelectorCombinator.swift */,
				21BD53AF1F9623710085B6ED /* UnicodeScalarView+Utils.swift */,
			);
			name = Styling;
			path = Scalar2D;
			sourceTree = "<group>";
		};
		21FFE8C61D63009D003446DF /* Scalar2D */ = {
			isa = PBXGroup;
			children = (
				21FFE8C71D63009D003446DF /* Scalar2D.h */,
				21FFE8C81D63009D003446DF /* Info.plist */,
			);
			path = Scalar2D;
			sourceTree = "<group>";
		};
		21FFE8E11D6465EB003446DF /* Views */ = {
			isa = PBXGroup;
			children = (
				21FFE8E71D646672003446DF /* CrossPlatform */,
				21FFE8E21D646600003446DF /* UIKit */,
				21FFE8E31D64660C003446DF /* Cocoa */,
			);
			name = Views;
			path = Scalar2D;
			sourceTree = "<group>";
		};
		21FFE8E21D646600003446DF /* UIKit */ = {
			isa = PBXGroup;
			children = (
				21E326C81D5B411900B64C7C /* PathView+iOS.swift */,
				2112676B1F9B866A00ABBF05 /* UIView+Styling.swift */,
			);
			name = UIKit;
			sourceTree = "<group>";
		};
		21FFE8E31D64660C003446DF /* Cocoa */ = {
			isa = PBXGroup;
			children = (
				21FFE8DF1D6464A8003446DF /* PathView+Mac.swift */,
				2112676D1F9B868500ABBF05 /* NSView+Styling.swift */,
			);
			name = Cocoa;
			sourceTree = "<group>";
		};
		21FFE8E71D646672003446DF /* CrossPlatform */ = {
			isa = PBXGroup;
			children = (
				21FFE8E41D646669003446DF /* PathView+Cross.swift */,
				211267691F9B864800ABBF05 /* StyleableObject.swift */,
			);
			name = CrossPlatform;
			sourceTree = "<group>";
		};
		21FFE8E81D6473D3003446DF /* Frameworks */ = {
			isa = PBXGroup;
			children = (
				21FFE8E91D6473D3003446DF /* CoreGraphics.framework */,
			);
			name = Frameworks;
			sourceTree = "<group>";
		};
/* End PBXGroup section */

/* Begin PBXHeadersBuildPhase section */
		21FFE8C21D63009D003446DF /* Headers */ = {
			isa = PBXHeadersBuildPhase;
			buildActionMask = 2147483647;
			files = (
				21FFE8C91D63009D003446DF /* Scalar2D.h in Headers */,
			);
			runOnlyForDeploymentPostprocessing = 0;
		};
/* End PBXHeadersBuildPhase section */

/* Begin PBXNativeTarget section */
		212E782F1D5832C4003802D7 /* Scalar2D Mac Test App */ = {
			isa = PBXNativeTarget;
			buildConfigurationList = 212E783C1D5832C4003802D7 /* Build configuration list for PBXNativeTarget "Scalar2D Mac Test App" */;
			buildPhases = (
				212E782C1D5832C4003802D7 /* Sources */,
				212E782D1D5832C4003802D7 /* Frameworks */,
				212E782E1D5832C4003802D7 /* Resources */,
				212E78521D5834C3003802D7 /* Embed Frameworks */,
			);
			buildRules = (
			);
			dependencies = (
			);
			name = "Scalar2D Mac Test App";
			productName = "Scalar2D Mac Test App";
			productReference = 212E78301D5832C4003802D7 /* Scalar2D Mac Test App.app */;
			productType = "com.apple.product-type.application";
		};
		213D06E91D55F72100A5FD69 /* Scalar2D iOS Test App */ = {
			isa = PBXNativeTarget;
			buildConfigurationList = 213D06F91D55F72200A5FD69 /* Build configuration list for PBXNativeTarget "Scalar2D iOS Test App" */;
			buildPhases = (
				213D06E61D55F72100A5FD69 /* Sources */,
				213D06E71D55F72100A5FD69 /* Frameworks */,
				213D06E81D55F72100A5FD69 /* Resources */,
				213D07001D55F72D00A5FD69 /* Embed Frameworks */,
			);
			buildRules = (
			);
			dependencies = (
				21FFE8CB1D63009D003446DF /* PBXTargetDependency */,
			);
			name = "Scalar2D iOS Test App";
			productName = "Scalar2D Test App";
			productReference = 213D06EA1D55F72100A5FD69 /* Scalar2D iOS Test App.app */;
			productType = "com.apple.product-type.application";
		};
		2157D3691D5AE3DE00C57462 /* Scalar2D Mac Test AppTests */ = {
			isa = PBXNativeTarget;
			buildConfigurationList = 2157D3711D5AE3DE00C57462 /* Build configuration list for PBXNativeTarget "Scalar2D Mac Test AppTests" */;
			buildPhases = (
				2157D3661D5AE3DE00C57462 /* Sources */,
				2157D3671D5AE3DE00C57462 /* Frameworks */,
				2157D3681D5AE3DE00C57462 /* Resources */,
			);
			buildRules = (
			);
			dependencies = (
				2157D3701D5AE3DE00C57462 /* PBXTargetDependency */,
			);
			name = "Scalar2D Mac Test AppTests";
			productName = "Scalar2D Mac Test AppTests";
			productReference = 2157D36A1D5AE3DE00C57462 /* Scalar2D Mac Test AppTests.xctest */;
			productType = "com.apple.product-type.bundle.unit-test";
		};
		21B719781D48599B00B0ACBF /* Scalar2DTests */ = {
			isa = PBXNativeTarget;
			buildConfigurationList = 21B719871D48599B00B0ACBF /* Build configuration list for PBXNativeTarget "Scalar2DTests" */;
			buildPhases = (
				21B719751D48599B00B0ACBF /* Sources */,
				21B719761D48599B00B0ACBF /* Frameworks */,
				21B719771D48599B00B0ACBF /* Resources */,
			);
			buildRules = (
			);
			dependencies = (
				212E78271D579C29003802D7 /* PBXTargetDependency */,
			);
			name = Scalar2DTests;
			productName = Scalar2DTests;
			productReference = 21B719791D48599B00B0ACBF /* Scalar2DTests.xctest */;
			productType = "com.apple.product-type.bundle.unit-test";
		};
		21FFE8C41D63009D003446DF /* Scalar2D */ = {
			isa = PBXNativeTarget;
			buildConfigurationList = 21FFE8CE1D63009D003446DF /* Build configuration list for PBXNativeTarget "Scalar2D" */;
			buildPhases = (
				21FFE8C01D63009D003446DF /* Sources */,
				21FFE8C11D63009D003446DF /* Frameworks */,
				21FFE8C21D63009D003446DF /* Headers */,
				21FFE8C31D63009D003446DF /* Resources */,
			);
			buildRules = (
			);
			dependencies = (
			);
			name = Scalar2D;
			productName = Scalar2D;
			productReference = 21FFE8C51D63009D003446DF /* Scalar2D.framework */;
			productType = "com.apple.product-type.framework";
		};
/* End PBXNativeTarget section */

/* Begin PBXProject section */
		21B719671D48599A00B0ACBF /* Project object */ = {
			isa = PBXProject;
			attributes = {
				LastSwiftUpdateCheck = 0800;
				LastUpgradeCheck = 0940;
				ORGANIZATIONNAME = "Generally Helpful Software";
				TargetAttributes = {
					212E782F1D5832C4003802D7 = {
						CreatedOnToolsVersion = 8.0;
						DevelopmentTeam = 626532Z6AM;
						ProvisioningStyle = Automatic;
					};
					213D06E91D55F72100A5FD69 = {
						CreatedOnToolsVersion = 8.0;
						DevelopmentTeam = 626532Z6AM;
						LastSwiftMigration = 0900;
						ProvisioningStyle = Automatic;
					};
					2157D3691D5AE3DE00C57462 = {
						CreatedOnToolsVersion = 8.0;
						DevelopmentTeam = 626532Z6AM;
						ProvisioningStyle = Automatic;
						TestTargetID = 212E782F1D5832C4003802D7;
					};
					21B719781D48599B00B0ACBF = {
						CreatedOnToolsVersion = 8.0;
						DevelopmentTeam = 626532Z6AM;
						DevelopmentTeamName = "Generally Helpful Software";
						ProvisioningStyle = Automatic;
						TestTargetID = 213D06E91D55F72100A5FD69;
					};
					21FFE8C41D63009D003446DF = {
						CreatedOnToolsVersion = 8.0;
						DevelopmentTeam = 626532Z6AM;
						LastSwiftMigration = 0900;
						ProvisioningStyle = Automatic;
					};
				};
			};
			buildConfigurationList = 21B7196A1D48599A00B0ACBF /* Build configuration list for PBXProject "Scalar2D" */;
			compatibilityVersion = "Xcode 3.2";
			developmentRegion = English;
			hasScannedForEncodings = 0;
			knownRegions = (
				en,
				Base,
			);
			mainGroup = 21B719661D48599A00B0ACBF;
			productRefGroup = 21B719711D48599A00B0ACBF /* Products */;
			projectDirPath = "";
			projectRoot = "";
			targets = (
				21B719781D48599B00B0ACBF /* Scalar2DTests */,
				213D06E91D55F72100A5FD69 /* Scalar2D iOS Test App */,
				212E782F1D5832C4003802D7 /* Scalar2D Mac Test App */,
				2157D3691D5AE3DE00C57462 /* Scalar2D Mac Test AppTests */,
				21FFE8C41D63009D003446DF /* Scalar2D */,
			);
		};
/* End PBXProject section */

/* Begin PBXResourcesBuildPhase section */
		212E782E1D5832C4003802D7 /* Resources */ = {
			isa = PBXResourcesBuildPhase;
			buildActionMask = 2147483647;
			files = (
				212E78371D5832C4003802D7 /* Assets.xcassets in Resources */,
				212E783A1D5832C4003802D7 /* Main.storyboard in Resources */,
			);
			runOnlyForDeploymentPostprocessing = 0;
		};
		213D06E81D55F72100A5FD69 /* Resources */ = {
			isa = PBXResourcesBuildPhase;
			buildActionMask = 2147483647;
			files = (
				213D06F71D55F72200A5FD69 /* LaunchScreen.storyboard in Resources */,
				213D06F41D55F72200A5FD69 /* Assets.xcassets in Resources */,
				213D06F21D55F72200A5FD69 /* Main.storyboard in Resources */,
			);
			runOnlyForDeploymentPostprocessing = 0;
		};
		2157D3681D5AE3DE00C57462 /* Resources */ = {
			isa = PBXResourcesBuildPhase;
			buildActionMask = 2147483647;
			files = (
			);
			runOnlyForDeploymentPostprocessing = 0;
		};
		21B719771D48599B00B0ACBF /* Resources */ = {
			isa = PBXResourcesBuildPhase;
			buildActionMask = 2147483647;
			files = (
				21B167131DCEABAF006F5481 /* Test.css in Resources */,
			);
			runOnlyForDeploymentPostprocessing = 0;
		};
		21FFE8C31D63009D003446DF /* Resources */ = {
			isa = PBXResourcesBuildPhase;
			buildActionMask = 2147483647;
			files = (
			);
			runOnlyForDeploymentPostprocessing = 0;
		};
/* End PBXResourcesBuildPhase section */

/* Begin PBXSourcesBuildPhase section */
		212E782C1D5832C4003802D7 /* Sources */ = {
			isa = PBXSourcesBuildPhase;
			buildActionMask = 2147483647;
			files = (
				21FFE8DA1D6463C2003446DF /* NSBezierPath+SVG.swift in Sources */,
				21FFE8DD1D6463D0003446DF /* CGPath+SVG.swift in Sources */,
				212E78351D5832C4003802D7 /* ViewController.swift in Sources */,
				212E78331D5832C4003802D7 /* AppDelegate.swift in Sources */,
				21FFE8E51D646669003446DF /* PathView+Cross.swift in Sources */,
				21FFE8DE1D6463D6003446DF /* PathGenerator.swift in Sources */,
				21871B671F9D73D400F6410A /* StyleableObject.swift in Sources */,
				21FFE8DB1D6463C8003446DF /* CGPath+Iterate.swift in Sources */,
				21FFE8E01D6464A8003446DF /* PathView+Mac.swift in Sources */,
				2112676F1F9BB10400ABBF05 /* NSView+Styling.swift in Sources */,
			);
			runOnlyForDeploymentPostprocessing = 0;
		};
		213D06E61D55F72100A5FD69 /* Sources */ = {
			isa = PBXSourcesBuildPhase;
			buildActionMask = 2147483647;
			files = (
				213D06EF1D55F72200A5FD69 /* ViewController.swift in Sources */,
				21E7A9361F348956005FCDCB /* CGPath+Iterate.swift in Sources */,
				213D06ED1D55F72200A5FD69 /* AppDelegate.swift in Sources */,
			);
			runOnlyForDeploymentPostprocessing = 0;
		};
		2157D3661D5AE3DE00C57462 /* Sources */ = {
			isa = PBXSourcesBuildPhase;
			buildActionMask = 2147483647;
			files = (
				2157D36D1D5AE3DE00C57462 /* Scalar2D_Mac_Test_AppTests.swift in Sources */,
			);
			runOnlyForDeploymentPostprocessing = 0;
		};
		21B719751D48599B00B0ACBF /* Sources */ = {
			isa = PBXSourcesBuildPhase;
			buildActionMask = 2147483647;
			files = (
				211179C71DACAB740054FAA4 /* ColourParserTests.swift in Sources */,
				2149818F1F5F7C5700275D0F /* CSSPropertyTests.swift in Sources */,
				211179D71DB19B8D0054FAA4 /* CGColor+Test.swift in Sources */,
				212E785B1D58ACAF003802D7 /* CGPathGeneratorTests.swift in Sources */,
				212E78251D5797B0003802D7 /* PathGeneratorTests.swift in Sources */,
				21B167111DCEAA43006F5481 /* CSSParser+Test.swift in Sources */,
				21B7197F1D48599B00B0ACBF /* Scalar2DTests.swift in Sources */,
				21DE653D1FFC5D7000673520 /* CoreText+Test.swift in Sources */,
			);
			runOnlyForDeploymentPostprocessing = 0;
		};
		21FFE8C01D63009D003446DF /* Sources */ = {
			isa = PBXSourcesBuildPhase;
			buildActionMask = 2147483647;
			files = (
				21DA69061F98476500392CBB /* SVGPropertyInterpreter.swift in Sources */,
				211179ED1DB75EFC0054FAA4 /* ICCColourParser.swift in Sources */,
				211179E71DB75EFC0054FAA4 /* ColourParser.swift in Sources */,
				21FFE8D61D6300BA003446DF /* UIBezierPath+SVG.swift in Sources */,
				211179F11DB75EFC0054FAA4 /* WebColourParser.swift in Sources */,
				21FFE8D11D6300AC003446DF /* DocumentContext.swift in Sources */,
				21FFE8D51D6300BA003446DF /* CGPath+Iterate.swift in Sources */,
				21BD53B01F9623710085B6ED /* UnicodeScalarView+Utils.swift in Sources */,
				211179EC1DB75EFC0054FAA4 /* HexColourParser.swift in Sources */,
				211179E91DB75EFC0054FAA4 /* DeviceCYMKColourParser.swift in Sources */,
				211179E61DB75EFC0054FAA4 /* CGColor+ColourParser.swift in Sources */,
				21F16AC42061FC61002F4913 /* SVGElements.swift in Sources */,
				21D8BDDF1F491BAC002B5BE7 /* StylePropertyInterpreter.swift in Sources */,
				21FFE8D81D630108003446DF /* PathView+iOS.swift in Sources */,
				21FFE8E61D646669003446DF /* PathView+Cross.swift in Sources */,
				21F16AC6206884D9002F4913 /* SVGElements+CoreGraphics.swift in Sources */,
				21B41B131FAC0888003C974F /* Parsing.swift in Sources */,
				211179EA1DB75EFC0054FAA4 /* DeviceGrayColourParser.swift in Sources */,
				21EF7CBE1DBCFBD600D71CD4 /* StyleSelector.swift in Sources */,
				21FFE8D41D6300BA003446DF /* CGPath+SVG.swift in Sources */,
				2126E3C31F373C5A00A26C49 /* SelectorCombinator.swift in Sources */,
				211179E81DB75EFC0054FAA4 /* DeviceColourParser.swift in Sources */,
				2103E55E1DD97E3B005E3A09 /* StyleBlock.swift in Sources */,
				21ABB1391F64331400967245 /* CoreText+FontDescription.swift in Sources */,
				211179F01DB75EFC0054FAA4 /* UIColor+ColourParser.swift in Sources */,
				211179EE1DB75EFC0054FAA4 /* NSColor+ColourParser.swift in Sources */,
				211179EF1DB75EFC0054FAA4 /* RGBColourParser.swift in Sources */,
				21ABB1381F64331000967245 /* FontDescription.swift in Sources */,
				21FFE8D31D6300BA003446DF /* PathGenerator.swift in Sources */,
				21EF7CC01DBCFBE300D71CD4 /* CSSParser.swift in Sources */,
				2112676C1F9B866A00ABBF05 /* UIView+Styling.swift in Sources */,
				211179EB1DB75EFC0054FAA4 /* DeviceRGBColourParser.swift in Sources */,
				21EF7CBF1DBCFBDF00D71CD4 /* GraphicStyle.swift in Sources */,
				21D8BDDD1F479E2D002B5BE7 /* GroupSelector.swift in Sources */,
				2112676A1F9B864800ABBF05 /* StyleableObject.swift in Sources */,
				21FFE8D21D6300AF003446DF /* DrawStyle.swift in Sources */,
			);
			runOnlyForDeploymentPostprocessing = 0;
		};
/* End PBXSourcesBuildPhase section */

/* Begin PBXTargetDependency section */
		212E78271D579C29003802D7 /* PBXTargetDependency */ = {
			isa = PBXTargetDependency;
			target = 213D06E91D55F72100A5FD69 /* Scalar2D iOS Test App */;
			targetProxy = 212E78261D579C29003802D7 /* PBXContainerItemProxy */;
		};
		2157D3701D5AE3DE00C57462 /* PBXTargetDependency */ = {
			isa = PBXTargetDependency;
			target = 212E782F1D5832C4003802D7 /* Scalar2D Mac Test App */;
			targetProxy = 2157D36F1D5AE3DE00C57462 /* PBXContainerItemProxy */;
		};
		21FFE8CB1D63009D003446DF /* PBXTargetDependency */ = {
			isa = PBXTargetDependency;
			target = 21FFE8C41D63009D003446DF /* Scalar2D */;
			targetProxy = 21FFE8CA1D63009D003446DF /* PBXContainerItemProxy */;
		};
/* End PBXTargetDependency section */

/* Begin PBXVariantGroup section */
		212E78381D5832C4003802D7 /* Main.storyboard */ = {
			isa = PBXVariantGroup;
			children = (
				212E78391D5832C4003802D7 /* Base */,
			);
			name = Main.storyboard;
			sourceTree = "<group>";
		};
		213D06F01D55F72200A5FD69 /* Main.storyboard */ = {
			isa = PBXVariantGroup;
			children = (
				213D06F11D55F72200A5FD69 /* Base */,
			);
			name = Main.storyboard;
			sourceTree = "<group>";
		};
		213D06F51D55F72200A5FD69 /* LaunchScreen.storyboard */ = {
			isa = PBXVariantGroup;
			children = (
				213D06F61D55F72200A5FD69 /* Base */,
			);
			name = LaunchScreen.storyboard;
			sourceTree = "<group>";
		};
/* End PBXVariantGroup section */

/* Begin XCBuildConfiguration section */
		212E783D1D5832C4003802D7 /* Debug */ = {
			isa = XCBuildConfiguration;
			buildSettings = {
				ALWAYS_EMBED_SWIFT_STANDARD_LIBRARIES = YES;
				ASSETCATALOG_COMPILER_APPICON_NAME = AppIcon;
				CLANG_WARN_INFINITE_RECURSION = YES;
				CLANG_WARN_SUSPICIOUS_MOVES = YES;
				CODE_SIGN_IDENTITY = "-";
				COMBINE_HIDPI_IMAGES = YES;
				DEVELOPMENT_TEAM = 626532Z6AM;
				INFOPLIST_FILE = "Scalar2D Mac Test App/Info.plist";
				LD_RUNPATH_SEARCH_PATHS = "$(inherited) @executable_path/../Frameworks";
				MACOSX_DEPLOYMENT_TARGET = 10.10;
				ONLY_ACTIVE_ARCH = YES;
				PRODUCT_BUNDLE_IDENTIFIER = "com.genhelp.Scalar2D-Mac-Test-App";
				PRODUCT_NAME = "$(TARGET_NAME)";
				SDKROOT = macosx;
				SWIFT_SWIFT3_OBJC_INFERENCE = Off;
				SWIFT_VERSION = 4.0;
			};
			name = Debug;
		};
		212E783E1D5832C4003802D7 /* Release */ = {
			isa = XCBuildConfiguration;
			buildSettings = {
				ALWAYS_EMBED_SWIFT_STANDARD_LIBRARIES = YES;
				ASSETCATALOG_COMPILER_APPICON_NAME = AppIcon;
				CLANG_WARN_INFINITE_RECURSION = YES;
				CLANG_WARN_SUSPICIOUS_MOVES = YES;
				CODE_SIGN_IDENTITY = "-";
				COMBINE_HIDPI_IMAGES = YES;
				DEVELOPMENT_TEAM = 626532Z6AM;
				INFOPLIST_FILE = "Scalar2D Mac Test App/Info.plist";
				LD_RUNPATH_SEARCH_PATHS = "$(inherited) @executable_path/../Frameworks";
				MACOSX_DEPLOYMENT_TARGET = 10.10;
				PRODUCT_BUNDLE_IDENTIFIER = "com.genhelp.Scalar2D-Mac-Test-App";
				PRODUCT_NAME = "$(TARGET_NAME)";
				SDKROOT = macosx;
				SWIFT_SWIFT3_OBJC_INFERENCE = Off;
				SWIFT_VERSION = 4.0;
			};
			name = Release;
		};
		213D06FA1D55F72200A5FD69 /* Debug */ = {
			isa = XCBuildConfiguration;
			buildSettings = {
				ALWAYS_EMBED_SWIFT_STANDARD_LIBRARIES = YES;
				ASSETCATALOG_COMPILER_APPICON_NAME = AppIcon;
				CLANG_WARN_INFINITE_RECURSION = YES;
				CLANG_WARN_SUSPICIOUS_MOVES = YES;
				DEVELOPMENT_TEAM = 626532Z6AM;
				INFOPLIST_FILE = "Scalar2D Test App/Info.plist";
				LD_RUNPATH_SEARCH_PATHS = "$(inherited) @executable_path/Frameworks";
				ONLY_ACTIVE_ARCH = YES;
				PRODUCT_BUNDLE_IDENTIFIER = "com.genhelp.Scalar2D-Test-App";
				PRODUCT_NAME = "$(TARGET_NAME)";
				SWIFT_SWIFT3_OBJC_INFERENCE = Off;
				SWIFT_VERSION = 4.0;
			};
			name = Debug;
		};
		213D06FB1D55F72200A5FD69 /* Release */ = {
			isa = XCBuildConfiguration;
			buildSettings = {
				ALWAYS_EMBED_SWIFT_STANDARD_LIBRARIES = YES;
				ASSETCATALOG_COMPILER_APPICON_NAME = AppIcon;
				CLANG_WARN_INFINITE_RECURSION = YES;
				CLANG_WARN_SUSPICIOUS_MOVES = YES;
				DEVELOPMENT_TEAM = 626532Z6AM;
				INFOPLIST_FILE = "Scalar2D Test App/Info.plist";
				LD_RUNPATH_SEARCH_PATHS = "$(inherited) @executable_path/Frameworks";
				PRODUCT_BUNDLE_IDENTIFIER = "com.genhelp.Scalar2D-Test-App";
				PRODUCT_NAME = "$(TARGET_NAME)";
				SWIFT_SWIFT3_OBJC_INFERENCE = Off;
				SWIFT_VERSION = 4.0;
			};
			name = Release;
		};
		2157D3721D5AE3DE00C57462 /* Debug */ = {
			isa = XCBuildConfiguration;
			buildSettings = {
				BUNDLE_LOADER = "$(TEST_HOST)";
				CLANG_WARN_INFINITE_RECURSION = YES;
				CLANG_WARN_SUSPICIOUS_MOVES = YES;
				CODE_SIGN_IDENTITY = "-";
				COMBINE_HIDPI_IMAGES = YES;
				DEVELOPMENT_TEAM = 626532Z6AM;
				INFOPLIST_FILE = "Scalar2D Mac Test AppTests/Info.plist";
				LD_RUNPATH_SEARCH_PATHS = "$(inherited) @executable_path/../Frameworks @loader_path/../Frameworks";
				MACOSX_DEPLOYMENT_TARGET = 10.11;
				ONLY_ACTIVE_ARCH = YES;
				PRODUCT_BUNDLE_IDENTIFIER = "com.genhelp.Scalar2D-Mac-Test-AppTests";
				PRODUCT_NAME = "$(TARGET_NAME)";
				SDKROOT = macosx;
				SWIFT_SWIFT3_OBJC_INFERENCE = Off;
				SWIFT_VERSION = 4.0;
				TEST_HOST = "$(BUILT_PRODUCTS_DIR)/Scalar2D Mac Test App.app/Contents/MacOS/Scalar2D Mac Test App";
			};
			name = Debug;
		};
		2157D3731D5AE3DE00C57462 /* Release */ = {
			isa = XCBuildConfiguration;
			buildSettings = {
				BUNDLE_LOADER = "$(TEST_HOST)";
				CLANG_WARN_INFINITE_RECURSION = YES;
				CLANG_WARN_SUSPICIOUS_MOVES = YES;
				CODE_SIGN_IDENTITY = "-";
				COMBINE_HIDPI_IMAGES = YES;
				DEVELOPMENT_TEAM = 626532Z6AM;
				INFOPLIST_FILE = "Scalar2D Mac Test AppTests/Info.plist";
				LD_RUNPATH_SEARCH_PATHS = "$(inherited) @executable_path/../Frameworks @loader_path/../Frameworks";
				MACOSX_DEPLOYMENT_TARGET = 10.11;
				PRODUCT_BUNDLE_IDENTIFIER = "com.genhelp.Scalar2D-Mac-Test-AppTests";
				PRODUCT_NAME = "$(TARGET_NAME)";
				SDKROOT = macosx;
				SWIFT_SWIFT3_OBJC_INFERENCE = Off;
				SWIFT_VERSION = 4.0;
				TEST_HOST = "$(BUILT_PRODUCTS_DIR)/Scalar2D Mac Test App.app/Contents/MacOS/Scalar2D Mac Test App";
			};
			name = Release;
		};
		21B719821D48599B00B0ACBF /* Debug */ = {
			isa = XCBuildConfiguration;
			buildSettings = {
				ALWAYS_SEARCH_USER_PATHS = NO;
				CLANG_ANALYZER_NONNULL = YES;
				CLANG_CXX_LANGUAGE_STANDARD = "gnu++0x";
				CLANG_CXX_LIBRARY = "libc++";
				CLANG_ENABLE_MODULES = YES;
				CLANG_ENABLE_OBJC_ARC = YES;
				CLANG_WARN_BLOCK_CAPTURE_AUTORELEASING = YES;
				CLANG_WARN_BOOL_CONVERSION = YES;
				CLANG_WARN_COMMA = YES;
				CLANG_WARN_CONSTANT_CONVERSION = YES;
				CLANG_WARN_DEPRECATED_OBJC_IMPLEMENTATIONS = YES;
				CLANG_WARN_DIRECT_OBJC_ISA_USAGE = YES_ERROR;
				CLANG_WARN_DOCUMENTATION_COMMENTS = YES;
				CLANG_WARN_EMPTY_BODY = YES;
				CLANG_WARN_ENUM_CONVERSION = YES;
				CLANG_WARN_INFINITE_RECURSION = YES;
				CLANG_WARN_INT_CONVERSION = YES;
				CLANG_WARN_NON_LITERAL_NULL_CONVERSION = YES;
				CLANG_WARN_OBJC_IMPLICIT_RETAIN_SELF = YES;
				CLANG_WARN_OBJC_LITERAL_CONVERSION = YES;
				CLANG_WARN_OBJC_ROOT_CLASS = YES_ERROR;
				CLANG_WARN_RANGE_LOOP_ANALYSIS = YES;
				CLANG_WARN_STRICT_PROTOTYPES = YES;
				CLANG_WARN_SUSPICIOUS_MOVE = YES;
				CLANG_WARN_UNREACHABLE_CODE = YES;
				CLANG_WARN__DUPLICATE_METHOD_MATCH = YES;
				"CODE_SIGN_IDENTITY[sdk=iphoneos*]" = "iPhone Developer";
				COPY_PHASE_STRIP = NO;
				CURRENT_PROJECT_VERSION = 1;
				DEBUG_INFORMATION_FORMAT = dwarf;
				ENABLE_STRICT_OBJC_MSGSEND = YES;
				ENABLE_TESTABILITY = YES;
				GCC_C_LANGUAGE_STANDARD = gnu99;
				GCC_DYNAMIC_NO_PIC = NO;
				GCC_NO_COMMON_BLOCKS = YES;
				GCC_OPTIMIZATION_LEVEL = 0;
				GCC_PREPROCESSOR_DEFINITIONS = (
					"DEBUG=1",
					"$(inherited)",
				);
				GCC_WARN_64_TO_32_BIT_CONVERSION = YES;
				GCC_WARN_ABOUT_RETURN_TYPE = YES_ERROR;
				GCC_WARN_UNDECLARED_SELECTOR = YES;
				GCC_WARN_UNINITIALIZED_AUTOS = YES_AGGRESSIVE;
				GCC_WARN_UNUSED_FUNCTION = YES;
				GCC_WARN_UNUSED_VARIABLE = YES;
				IPHONEOS_DEPLOYMENT_TARGET = 10.0;
				MTL_ENABLE_DEBUG_INFO = YES;
				ONLY_ACTIVE_ARCH = YES;
				SDKROOT = iphoneos;
				SWIFT_ACTIVE_COMPILATION_CONDITIONS = DEBUG;
				SWIFT_OPTIMIZATION_LEVEL = "-Onone";
				TARGETED_DEVICE_FAMILY = "1,2";
				VERSIONING_SYSTEM = "apple-generic";
				VERSION_INFO_PREFIX = "";
			};
			name = Debug;
		};
		21B719831D48599B00B0ACBF /* Release */ = {
			isa = XCBuildConfiguration;
			buildSettings = {
				ALWAYS_SEARCH_USER_PATHS = NO;
				CLANG_ANALYZER_NONNULL = YES;
				CLANG_CXX_LANGUAGE_STANDARD = "gnu++0x";
				CLANG_CXX_LIBRARY = "libc++";
				CLANG_ENABLE_MODULES = YES;
				CLANG_ENABLE_OBJC_ARC = YES;
				CLANG_WARN_BLOCK_CAPTURE_AUTORELEASING = YES;
				CLANG_WARN_BOOL_CONVERSION = YES;
				CLANG_WARN_COMMA = YES;
				CLANG_WARN_CONSTANT_CONVERSION = YES;
				CLANG_WARN_DEPRECATED_OBJC_IMPLEMENTATIONS = YES;
				CLANG_WARN_DIRECT_OBJC_ISA_USAGE = YES_ERROR;
				CLANG_WARN_DOCUMENTATION_COMMENTS = YES;
				CLANG_WARN_EMPTY_BODY = YES;
				CLANG_WARN_ENUM_CONVERSION = YES;
				CLANG_WARN_INFINITE_RECURSION = YES;
				CLANG_WARN_INT_CONVERSION = YES;
				CLANG_WARN_NON_LITERAL_NULL_CONVERSION = YES;
				CLANG_WARN_OBJC_IMPLICIT_RETAIN_SELF = YES;
				CLANG_WARN_OBJC_LITERAL_CONVERSION = YES;
				CLANG_WARN_OBJC_ROOT_CLASS = YES_ERROR;
				CLANG_WARN_RANGE_LOOP_ANALYSIS = YES;
				CLANG_WARN_STRICT_PROTOTYPES = YES;
				CLANG_WARN_SUSPICIOUS_MOVE = YES;
				CLANG_WARN_UNREACHABLE_CODE = YES;
				CLANG_WARN__DUPLICATE_METHOD_MATCH = YES;
				"CODE_SIGN_IDENTITY[sdk=iphoneos*]" = "iPhone Developer";
				COPY_PHASE_STRIP = NO;
				CURRENT_PROJECT_VERSION = 1;
				DEBUG_INFORMATION_FORMAT = "dwarf-with-dsym";
				ENABLE_NS_ASSERTIONS = NO;
				ENABLE_STRICT_OBJC_MSGSEND = YES;
				GCC_C_LANGUAGE_STANDARD = gnu99;
				GCC_NO_COMMON_BLOCKS = YES;
				GCC_WARN_64_TO_32_BIT_CONVERSION = YES;
				GCC_WARN_ABOUT_RETURN_TYPE = YES_ERROR;
				GCC_WARN_UNDECLARED_SELECTOR = YES;
				GCC_WARN_UNINITIALIZED_AUTOS = YES_AGGRESSIVE;
				GCC_WARN_UNUSED_FUNCTION = YES;
				GCC_WARN_UNUSED_VARIABLE = YES;
				IPHONEOS_DEPLOYMENT_TARGET = 10.0;
				MTL_ENABLE_DEBUG_INFO = NO;
				ONLY_ACTIVE_ARCH = YES;
				SDKROOT = iphoneos;
				SWIFT_OPTIMIZATION_LEVEL = "-Owholemodule";
				TARGETED_DEVICE_FAMILY = "1,2";
				VALIDATE_PRODUCT = YES;
				VERSIONING_SYSTEM = "apple-generic";
				VERSION_INFO_PREFIX = "";
			};
			name = Release;
		};
		21B719881D48599B00B0ACBF /* Debug */ = {
			isa = XCBuildConfiguration;
			buildSettings = {
				INFOPLIST_FILE = Scalar2DTests/Info.plist;
				LD_RUNPATH_SEARCH_PATHS = "$(inherited) @executable_path/Frameworks @loader_path/Frameworks";
				PRODUCT_BUNDLE_IDENTIFIER = com.genhelp.Scalar2DTests;
				PRODUCT_NAME = "$(TARGET_NAME)";
				SWIFT_SWIFT3_OBJC_INFERENCE = Off;
				SWIFT_VERSION = 4.0;
				TEST_HOST = "$(BUILT_PRODUCTS_DIR)/Scalar2D iOS Test App.app/Scalar2D iOS Test App";
			};
			name = Debug;
		};
		21B719891D48599B00B0ACBF /* Release */ = {
			isa = XCBuildConfiguration;
			buildSettings = {
				INFOPLIST_FILE = Scalar2DTests/Info.plist;
				LD_RUNPATH_SEARCH_PATHS = "$(inherited) @executable_path/Frameworks @loader_path/Frameworks";
				PRODUCT_BUNDLE_IDENTIFIER = com.genhelp.Scalar2DTests;
				PRODUCT_NAME = "$(TARGET_NAME)";
				SWIFT_SWIFT3_OBJC_INFERENCE = Off;
				SWIFT_VERSION = 4.0;
				TEST_HOST = "$(BUILT_PRODUCTS_DIR)/Scalar2D iOS Test App.app/Scalar2D iOS Test App";
			};
			name = Release;
		};
		21FFE8CF1D63009D003446DF /* Debug */ = {
			isa = XCBuildConfiguration;
			buildSettings = {
				CLANG_WARN_INFINITE_RECURSION = YES;
				CLANG_WARN_SUSPICIOUS_MOVES = YES;
				CODE_SIGN_IDENTITY = "";
				DEFINES_MODULE = YES;
				DEVELOPMENT_TEAM = 626532Z6AM;
				DYLIB_COMPATIBILITY_VERSION = 1;
				DYLIB_CURRENT_VERSION = 1;
				DYLIB_INSTALL_NAME_BASE = "@rpath";
				INFOPLIST_FILE = Scalar2D/Info.plist;
				INSTALL_PATH = "$(LOCAL_LIBRARY_DIR)/Frameworks";
				LD_RUNPATH_SEARCH_PATHS = "$(inherited) @executable_path/Frameworks @loader_path/Frameworks";
				PRODUCT_BUNDLE_IDENTIFIER = com.genhelp.Scalar2D;
				PRODUCT_NAME = "$(TARGET_NAME)";
				SKIP_INSTALL = YES;
				SWIFT_SWIFT3_OBJC_INFERENCE = Off;
				SWIFT_VERSION = 4.0;
			};
			name = Debug;
		};
		21FFE8D01D63009D003446DF /* Release */ = {
			isa = XCBuildConfiguration;
			buildSettings = {
				CLANG_WARN_INFINITE_RECURSION = YES;
				CLANG_WARN_SUSPICIOUS_MOVES = YES;
				CODE_SIGN_IDENTITY = "";
				DEFINES_MODULE = YES;
				DEVELOPMENT_TEAM = 626532Z6AM;
				DYLIB_COMPATIBILITY_VERSION = 1;
				DYLIB_CURRENT_VERSION = 1;
				DYLIB_INSTALL_NAME_BASE = "@rpath";
				INFOPLIST_FILE = Scalar2D/Info.plist;
				INSTALL_PATH = "$(LOCAL_LIBRARY_DIR)/Frameworks";
				LD_RUNPATH_SEARCH_PATHS = "$(inherited) @executable_path/Frameworks @loader_path/Frameworks";
				PRODUCT_BUNDLE_IDENTIFIER = com.genhelp.Scalar2D;
				PRODUCT_NAME = "$(TARGET_NAME)";
				SKIP_INSTALL = YES;
				SWIFT_SWIFT3_OBJC_INFERENCE = Off;
				SWIFT_VERSION = 4.0;
			};
			name = Release;
		};
/* End XCBuildConfiguration section */

/* Begin XCConfigurationList section */
		212E783C1D5832C4003802D7 /* Build configuration list for PBXNativeTarget "Scalar2D Mac Test App" */ = {
			isa = XCConfigurationList;
			buildConfigurations = (
				212E783D1D5832C4003802D7 /* Debug */,
				212E783E1D5832C4003802D7 /* Release */,
			);
			defaultConfigurationIsVisible = 0;
			defaultConfigurationName = Release;
		};
		213D06F91D55F72200A5FD69 /* Build configuration list for PBXNativeTarget "Scalar2D iOS Test App" */ = {
			isa = XCConfigurationList;
			buildConfigurations = (
				213D06FA1D55F72200A5FD69 /* Debug */,
				213D06FB1D55F72200A5FD69 /* Release */,
			);
			defaultConfigurationIsVisible = 0;
			defaultConfigurationName = Release;
		};
		2157D3711D5AE3DE00C57462 /* Build configuration list for PBXNativeTarget "Scalar2D Mac Test AppTests" */ = {
			isa = XCConfigurationList;
			buildConfigurations = (
				2157D3721D5AE3DE00C57462 /* Debug */,
				2157D3731D5AE3DE00C57462 /* Release */,
			);
			defaultConfigurationIsVisible = 0;
			defaultConfigurationName = Release;
		};
		21B7196A1D48599A00B0ACBF /* Build configuration list for PBXProject "Scalar2D" */ = {
			isa = XCConfigurationList;
			buildConfigurations = (
				21B719821D48599B00B0ACBF /* Debug */,
				21B719831D48599B00B0ACBF /* Release */,
			);
			defaultConfigurationIsVisible = 0;
			defaultConfigurationName = Release;
		};
		21B719871D48599B00B0ACBF /* Build configuration list for PBXNativeTarget "Scalar2DTests" */ = {
			isa = XCConfigurationList;
			buildConfigurations = (
				21B719881D48599B00B0ACBF /* Debug */,
				21B719891D48599B00B0ACBF /* Release */,
			);
			defaultConfigurationIsVisible = 0;
			defaultConfigurationName = Release;
		};
		21FFE8CE1D63009D003446DF /* Build configuration list for PBXNativeTarget "Scalar2D" */ = {
			isa = XCConfigurationList;
			buildConfigurations = (
				21FFE8CF1D63009D003446DF /* Debug */,
				21FFE8D01D63009D003446DF /* Release */,
			);
			defaultConfigurationIsVisible = 0;
			defaultConfigurationName = Release;
		};
/* End XCConfigurationList section */
	};
	rootObject = 21B719671D48599A00B0ACBF /* Project object */;
}
