{
  "object": {
    "pins": [
      {
        "package": "Scalar2D",
        "repositoryURL": "https://github.com/GenerallyHelpfulSoftware/Scalar2D.git",
        "state": {
          "branch": null,
          "revision": "7ab3503d9d04a0d18883a24e469e663e33a8995c",
          "version": "0.1.3"
        }
      }
    ]
  },
  "version": 1
}
