{
  "object": {
    "pins": [
      {
        "package": "Scalar2D",
        "repositoryURL": "https://github.com/GenerallyHelpfulSoftware/Scalar2D.git",
        "state": {
          "branch": null,
          "revision": "51464c25263c7eec05c69e1779a3b8bb57d306ef",
          "version": "0.1.5"
        }
      }
    ]
  },
  "version": 1
}
